
Microsoft Visual Studio Solution File, Format Version 12.00
# Visual Studio 2012
Project("{FAE04EC0-301F-11D3-BF4B-00C04F79EFBC}") = "MvcMusicStore", "MvcMusicStore\MvcMusicStore.csproj", "{BE01D2CA-E4EA-4F69-A7E1-884C54B21EDB}"
EndProject
Global
	GlobalSection(SolutionConfigurationPlatforms) = preSolution
		Debug|Any CPU = Debug|Any CPU
		Release|Any CPU = Release|Any CPU
	EndGlobalSection
	GlobalSection(ProjectConfigurationPlatforms) = postSolution
		{BE01D2CA-E4EA-4F69-A7E1-884C54B21EDB}.Debug|Any CPU.ActiveCfg = Debug|Any CPU
		{BE01D2CA-E4EA-4F69-A7E1-884C54B21EDB}.Debug|Any CPU.Build.0 = Debug|Any CPU
		{BE01D2CA-E4EA-4F69-A7E1-884C54B21EDB}.Release|Any CPU.ActiveCfg = Release|Any CPU
		{BE01D2CA-E4EA-4F69-A7E1-884C54B21EDB}.Release|Any CPU.Build.0 = Release|Any CPU
	EndGlobalSection
	GlobalSection(SolutionProperties) = preSolution
		HideSolutionNode = FALSE
	EndGlobalSection
EndGlobal
